{
  "object": {
    "pins": [
      {
        "package": "Shallows",
        "repositoryURL": "https://github.com/dreymonde/Shallows.git",
        "state": {
          "branch": null,
          "revision": "3a9d673a7c01d6fd4fbaa5cd592648dbae42d4a7",
          "version": "0.13.4"
        }
      }
    ]
  },
  "version": 1
}
